{
  "name": "qiankun-demo",
  "version": "1.0.0",
  "lockfileVersion": 1,
  "requires": true,
  "dependencies": {
    "@types/mxgraph": {
      "version": "github:lgleim/mxgraph-typings#474719ec8cedbb1ae5ea2cf121a41db105043374",
      "from": "github:lgleim/mxgraph-typings",
      "dev": true
    }
  }
}
